
Microsoft Visual Studio Solution File, Format Version 12.00
# Visual Studio Version 17
VisualStudioVersion = 17.14.36212.18 d17.14
MinimumVisualStudioVersion = 10.0.40219.1
Project("{FAE04EC0-301F-11D3-BF4B-00C04F79EFBC}") = "BedAutomation", "BedAutomation\BedAutomation.csproj", "{E462A3BA-A744-4CB8-9C50-8809CD69409D}"
EndProject
Global
	GlobalSection(SolutionConfigurationPlatforms) = preSolution
		Debug|Any CPU = Debug|Any CPU
		Release|Any CPU = Release|Any CPU
	EndGlobalSection
	GlobalSection(ProjectConfigurationPlatforms) = postSolution
		{E462A3BA-A744-4CB8-9C50-8809CD69409D}.Debug|Any CPU.ActiveCfg = Debug|Any CPU
		{E462A3BA-A744-4CB8-9C50-8809CD69409D}.Debug|Any CPU.Build.0 = Debug|Any CPU
		{E462A3BA-A744-4CB8-9C50-8809CD69409D}.Release|Any CPU.ActiveCfg = Release|Any CPU
		{E462A3BA-A744-4CB8-9C50-8809CD69409D}.Release|Any CPU.Build.0 = Release|Any CPU
	EndGlobalSection
	GlobalSection(SolutionProperties) = preSolution
		HideSolutionNode = FALSE
	EndGlobalSection
	GlobalSection(ExtensibilityGlobals) = postSolution
		SolutionGuid = {C5B7D169-7A4D-432A-ACD4-2BC95E3C908E}
	EndGlobalSection
EndGlobal
